// !$*UTF8*$!
{
	archiveVersion = 1;
	classes = {
	};
	objectVersion = 46;
	objects = {

/* Begin PBXBuildFile section */
		2200F3081998A16A00729065 /* CategoryCell.m in Sources */ = {isa = PBXBuildFile; fileRef = 2200F3071998A16A00729065 /* CategoryCell.m */; };
		2200F30B1998A3E500729065 /* AddJobViewController.m in Sources */ = {isa = PBXBuildFile; fileRef = 2200F30A1998A3E500729065 /* AddJobViewController.m */; };
		2208A88F19A373F700D125ED /* JobOppurtunityCellTableViewCell.m in Sources */ = {isa = PBXBuildFile; fileRef = 2208A88E19A373F700D125ED /* JobOppurtunityCellTableViewCell.m */; };
		2208A89119A37EC400D125ED /* window.jpg in Resources */ = {isa = PBXBuildFile; fileRef = 2208A89019A37EC400D125ED /* window.jpg */; };
		220C866C19BF279900CF4497 /* CategoryListingViewController.m in Sources */ = {isa = PBXBuildFile; fileRef = 220C866B19BF279900CF4497 /* CategoryListingViewController.m */; };
		2218B01919CB0287002468B6 /* TradesmanProfileViewController.m in Sources */ = {isa = PBXBuildFile; fileRef = 2218B01819CB0287002468B6 /* TradesmanProfileViewController.m */; };
		221B9EB319C3498D0073DE05 /* FixifyJobEstimates.m in Sources */ = {isa = PBXBuildFile; fileRef = 221B9EB219C3498D0073DE05 /* FixifyJobEstimates.m */; };
		2227376F19B09D07007FD9A0 /* AddJobDescriptionViewController.m in Sources */ = {isa = PBXBuildFile; fileRef = 2227376E19B09D07007FD9A0 /* AddJobDescriptionViewController.m */; };
		222FE06119A4AC5E00FD61BA /* SMCalloutView.m in Sources */ = {isa = PBXBuildFile; fileRef = 222FE06019A4AC5E00FD61BA /* SMCalloutView.m */; };
		2245457F198A6D77009A52FE /* Foundation.framework in Frameworks */ = {isa = PBXBuildFile; fileRef = 2245457E198A6D77009A52FE /* Foundation.framework */; };
		22454581198A6D77009A52FE /* CoreGraphics.framework in Frameworks */ = {isa = PBXBuildFile; fileRef = 22454580198A6D77009A52FE /* CoreGraphics.framework */; };
		22454583198A6D77009A52FE /* UIKit.framework in Frameworks */ = {isa = PBXBuildFile; fileRef = 22454582198A6D77009A52FE /* UIKit.framework */; };
		22454589198A6D77009A52FE /* InfoPlist.strings in Resources */ = {isa = PBXBuildFile; fileRef = 22454587198A6D77009A52FE /* InfoPlist.strings */; };
		2245458B198A6D77009A52FE /* main.m in Sources */ = {isa = PBXBuildFile; fileRef = 2245458A198A6D77009A52FE /* main.m */; };
		2245458F198A6D77009A52FE /* AppDelegate.m in Sources */ = {isa = PBXBuildFile; fileRef = 2245458E198A6D77009A52FE /* AppDelegate.m */; };
		2245459E198A6D78009A52FE /* XCTest.framework in Frameworks */ = {isa = PBXBuildFile; fileRef = 2245459D198A6D78009A52FE /* XCTest.framework */; };
		2245459F198A6D78009A52FE /* Foundation.framework in Frameworks */ = {isa = PBXBuildFile; fileRef = 2245457E198A6D77009A52FE /* Foundation.framework */; };
		224545A0198A6D78009A52FE /* UIKit.framework in Frameworks */ = {isa = PBXBuildFile; fileRef = 22454582198A6D77009A52FE /* UIKit.framework */; };
		224545A8198A6D78009A52FE /* InfoPlist.strings in Resources */ = {isa = PBXBuildFile; fileRef = 224545A6198A6D78009A52FE /* InfoPlist.strings */; };
		224545AA198A6D78009A52FE /* fixifyTests.m in Sources */ = {isa = PBXBuildFile; fileRef = 224545A9198A6D78009A52FE /* fixifyTests.m */; };
		2249AEBC199258760028F92E /* MBProgressHUD.m in Sources */ = {isa = PBXBuildFile; fileRef = 2249AEBB199258760028F92E /* MBProgressHUD.m */; };
		228FE61919B72E8D0080015E /* SearchAddressViewController.m in Sources */ = {isa = PBXBuildFile; fileRef = 228FE61819B72E8D0080015E /* SearchAddressViewController.m */; };
		2296061A199348F4003062CA /* Utilities.m in Sources */ = {isa = PBXBuildFile; fileRef = 22960619199348F4003062CA /* Utilities.m */; };
		2296061C19936113003062CA /* FacebookSDK.framework in Frameworks */ = {isa = PBXBuildFile; fileRef = 2296061B19936112003062CA /* FacebookSDK.framework */; };
		2296061F19939600003062CA /* TermsAndConditionsViewController.m in Sources */ = {isa = PBXBuildFile; fileRef = 2296061E19939600003062CA /* TermsAndConditionsViewController.m */; };
		229616BD19C7003A00515496 /* EstimatesTableViewCell.m in Sources */ = {isa = PBXBuildFile; fileRef = 229616BC19C7003A00515496 /* EstimatesTableViewCell.m */; };
		229616C019C7004D00515496 /* CommentReplyTableViewCell.m in Sources */ = {isa = PBXBuildFile; fileRef = 229616BF19C7004D00515496 /* CommentReplyTableViewCell.m */; };
		22968E771999DA730041E145 /* VerifyNumberViewController.m in Sources */ = {isa = PBXBuildFile; fileRef = 22968E761999DA730041E145 /* VerifyNumberViewController.m */; };
		2296F03E19AC5B9C004364CA /* SubmitQuoteViewController.m in Sources */ = {isa = PBXBuildFile; fileRef = 2296F03D19AC5B9C004364CA /* SubmitQuoteViewController.m */; };
		22974B7F19A318DA00A245D1 /* JobListingViewController.m in Sources */ = {isa = PBXBuildFile; fileRef = 22974B7E19A318DA00A245D1 /* JobListingViewController.m */; };
		22974B8219A318FE00A245D1 /* OppurtunityListingViewController.m in Sources */ = {isa = PBXBuildFile; fileRef = 22974B8119A318FE00A245D1 /* OppurtunityListingViewController.m */; };
		22974B8619A3405B00A245D1 /* MapKit.framework in Frameworks */ = {isa = PBXBuildFile; fileRef = 22974B8519A3405B00A245D1 /* MapKit.framework */; };
		22974B8D19A35F5900A245D1 /* HMSegmentedControl.m in Sources */ = {isa = PBXBuildFile; fileRef = 22974B8C19A35F5900A245D1 /* HMSegmentedControl.m */; };
		2297FBCB19BFFF1C003E9936 /* Main.storyboard in Resources */ = {isa = PBXBuildFile; fileRef = 22454590198A6D77009A52FE /* Main.storyboard */; };
		22980B90199C8DD10088B3AB /* FixifyUser.m in Sources */ = {isa = PBXBuildFile; fileRef = 22980B8F199C8DD10088B3AB /* FixifyUser.m */; };
		22980B93199CAA6A0088B3AB /* EditProfileViewController.m in Sources */ = {isa = PBXBuildFile; fileRef = 22980B92199CAA6A0088B3AB /* EditProfileViewController.m */; };
		22986A0919AF2F790069C8F1 /* UserJobDetailViewController.m in Sources */ = {isa = PBXBuildFile; fileRef = 22986A0819AF2F790069C8F1 /* UserJobDetailViewController.m */; };
		2298D78A19C2CF0900565AB7 /* FXAnnotation.m in Sources */ = {isa = PBXBuildFile; fileRef = 2298D78919C2CF0900565AB7 /* FXAnnotation.m */; };
		22994A0519A5BA1900151CD0 /* JobDetailViewController.m in Sources */ = {isa = PBXBuildFile; fileRef = 22994A0419A5BA1900151CD0 /* JobDetailViewController.m */; };
		22994A0819A5DE2700151CD0 /* CommentsTableViewCell.m in Sources */ = {isa = PBXBuildFile; fileRef = 22994A0719A5DE2700151CD0 /* CommentsTableViewCell.m */; };
		22994A0B19A5DE7000151CD0 /* JobImageCollectionViewCell.m in Sources */ = {isa = PBXBuildFile; fileRef = 22994A0A19A5DE7000151CD0 /* JobImageCollectionViewCell.m */; };
		229BF3AA19B040A400727119 /* JobList.plist in Resources */ = {isa = PBXBuildFile; fileRef = 229BF3A919B040A400727119 /* JobList.plist */; };
		229BF3F819B054BE00727119 /* FixifyJob.m in Sources */ = {isa = PBXBuildFile; fileRef = 229BF3F719B054BE00727119 /* FixifyJob.m */; };
		229BF3FB19B057B700727119 /* ChooseAdressViewController.m in Sources */ = {isa = PBXBuildFile; fileRef = 229BF3FA19B057B700727119 /* ChooseAdressViewController.m */; };
		229DF77019CAD83C00C32A49 /* EstimateDetailViewController.m in Sources */ = {isa = PBXBuildFile; fileRef = 229DF76F19CAD83C00C32A49 /* EstimateDetailViewController.m */; };
		229EF15B19A1CF56008B5CCF /* ChangePasswordViewController.m in Sources */ = {isa = PBXBuildFile; fileRef = 229EF15A19A1CF56008B5CCF /* ChangePasswordViewController.m */; };
		22CFAF0D1990F12A0077D9E9 /* AppTourCell.m in Sources */ = {isa = PBXBuildFile; fileRef = 22CFAF0C1990F12A0077D9E9 /* AppTourCell.m */; };
		22CFAF101990F13F0077D9E9 /* SignInViewController.m in Sources */ = {isa = PBXBuildFile; fileRef = 22CFAF0F1990F13F0077D9E9 /* SignInViewController.m */; };
		22CFAF131990F1520077D9E9 /* WelcomeScreenViewController.m in Sources */ = {isa = PBXBuildFile; fileRef = 22CFAF121990F1520077D9E9 /* WelcomeScreenViewController.m */; };
		22CFAF161990F1690077D9E9 /* RegisterViewController.m in Sources */ = {isa = PBXBuildFile; fileRef = 22CFAF151990F1690077D9E9 /* RegisterViewController.m */; };
		22CFAF181990F3E20077D9E9 /* Parse.framework in Frameworks */ = {isa = PBXBuildFile; fileRef = 22CFAF171990F3E20077D9E9 /* Parse.framework */; };
		22CFAF1A1990F3FB0077D9E9 /* AudioToolbox.framework in Frameworks */ = {isa = PBXBuildFile; fileRef = 22CFAF191990F3FB0077D9E9 /* AudioToolbox.framework */; };
		22CFAF1C1990F4020077D9E9 /* CFNetwork.framework in Frameworks */ = {isa = PBXBuildFile; fileRef = 22CFAF1B1990F4020077D9E9 /* CFNetwork.framework */; };
		22CFAF1E1990F4120077D9E9 /* CoreLocation.framework in Frameworks */ = {isa = PBXBuildFile; fileRef = 22CFAF1D1990F4120077D9E9 /* CoreLocation.framework */; };
		22CFAF201990F42E0077D9E9 /* libz.dylib in Frameworks */ = {isa = PBXBuildFile; fileRef = 22CFAF1F1990F42E0077D9E9 /* libz.dylib */; };
		22CFAF221990F43A0077D9E9 /* MobileCoreServices.framework in Frameworks */ = {isa = PBXBuildFile; fileRef = 22CFAF211990F43A0077D9E9 /* MobileCoreServices.framework */; };
		22CFAF241990F4430077D9E9 /* QuartzCore.framework in Frameworks */ = {isa = PBXBuildFile; fileRef = 22CFAF231990F4430077D9E9 /* QuartzCore.framework */; };
		22CFAF261990F4500077D9E9 /* Security.framework in Frameworks */ = {isa = PBXBuildFile; fileRef = 22CFAF251990F4500077D9E9 /* Security.framework */; };
		22CFAF281990F45D0077D9E9 /* StoreKit.framework in Frameworks */ = {isa = PBXBuildFile; fileRef = 22CFAF271990F45D0077D9E9 /* StoreKit.framework */; };
		22CFAF2A1990F4660077D9E9 /* SystemConfiguration.framework in Frameworks */ = {isa = PBXBuildFile; fileRef = 22CFAF291990F4660077D9E9 /* SystemConfiguration.framework */; };
		22D1DF821999E85B007F91CD /* Images.xcassets in Resources */ = {isa = PBXBuildFile; fileRef = 22D1DF811999E85B007F91CD /* Images.xcassets */; };
		22DA2BFD1994A2CF00B0FBE8 /* ParseUtilities.m in Sources */ = {isa = PBXBuildFile; fileRef = 22DA2BFC1994A2CF00B0FBE8 /* ParseUtilities.m */; };
		22ECD57B19B5ECBF00549327 /* MyJobsViewController.m in Sources */ = {isa = PBXBuildFile; fileRef = 22ECD57A19B5ECBF00549327 /* MyJobsViewController.m */; };
		22ECD57E19B5FB4F00549327 /* MyJobsCollectionViewCell.m in Sources */ = {isa = PBXBuildFile; fileRef = 22ECD57D19B5FB4F00549327 /* MyJobsCollectionViewCell.m */; };
/* End PBXBuildFile section */

/* Begin PBXContainerItemProxy section */
		224545A1198A6D78009A52FE /* PBXContainerItemProxy */ = {
			isa = PBXContainerItemProxy;
			containerPortal = 22454573198A6D77009A52FE /* Project object */;
			proxyType = 1;
			remoteGlobalIDString = 2245457A198A6D77009A52FE;
			remoteInfo = fixify;
		};
/* End PBXContainerItemProxy section */

/* Begin PBXFileReference section */
		2200F3061998A16A00729065 /* CategoryCell.h */ = {isa = PBXFileReference; fileEncoding = 4; lastKnownFileType = sourcecode.c.h; path = CategoryCell.h; sourceTree = "<group>"; };
		2200F3071998A16A00729065 /* CategoryCell.m */ = {isa = PBXFileReference; fileEncoding = 4; lastKnownFileType = sourcecode.c.objc; path = CategoryCell.m; sourceTree = "<group>"; };
		2200F3091998A3E500729065 /* AddJobViewController.h */ = {isa = PBXFileReference; fileEncoding = 4; lastKnownFileType = sourcecode.c.h; path = AddJobViewController.h; sourceTree = "<group>"; };
		2200F30A1998A3E500729065 /* AddJobViewController.m */ = {isa = PBXFileReference; fileEncoding = 4; lastKnownFileType = sourcecode.c.objc; path = AddJobViewController.m; sourceTree = "<group>"; };
		2208A88D19A373F700D125ED /* JobOppurtunityCellTableViewCell.h */ = {isa = PBXFileReference; fileEncoding = 4; lastKnownFileType = sourcecode.c.h; path = JobOppurtunityCellTableViewCell.h; sourceTree = "<group>"; };
		2208A88E19A373F700D125ED /* JobOppurtunityCellTableViewCell.m */ = {isa = PBXFileReference; fileEncoding = 4; lastKnownFileType = sourcecode.c.objc; path = JobOppurtunityCellTableViewCell.m; sourceTree = "<group>"; };
		2208A89019A37EC400D125ED /* window.jpg */ = {isa = PBXFileReference; lastKnownFileType = image.jpeg; path = window.jpg; sourceTree = "<group>"; };
		220C866A19BF279900CF4497 /* CategoryListingViewController.h */ = {isa = PBXFileReference; fileEncoding = 4; lastKnownFileType = sourcecode.c.h; path = CategoryListingViewController.h; sourceTree = "<group>"; };
		220C866B19BF279900CF4497 /* CategoryListingViewController.m */ = {isa = PBXFileReference; fileEncoding = 4; lastKnownFileType = sourcecode.c.objc; path = CategoryListingViewController.m; sourceTree = "<group>"; };
		2218B01719CB0287002468B6 /* TradesmanProfileViewController.h */ = {isa = PBXFileReference; fileEncoding = 4; lastKnownFileType = sourcecode.c.h; path = TradesmanProfileViewController.h; sourceTree = "<group>"; };
		2218B01819CB0287002468B6 /* TradesmanProfileViewController.m */ = {isa = PBXFileReference; fileEncoding = 4; lastKnownFileType = sourcecode.c.objc; path = TradesmanProfileViewController.m; sourceTree = "<group>"; };
		221B9EB119C3498D0073DE05 /* FixifyJobEstimates.h */ = {isa = PBXFileReference; fileEncoding = 4; lastKnownFileType = sourcecode.c.h; path = FixifyJobEstimates.h; sourceTree = "<group>"; };
		221B9EB219C3498D0073DE05 /* FixifyJobEstimates.m */ = {isa = PBXFileReference; fileEncoding = 4; lastKnownFileType = sourcecode.c.objc; path = FixifyJobEstimates.m; sourceTree = "<group>"; };
		2227376D19B09D07007FD9A0 /* AddJobDescriptionViewController.h */ = {isa = PBXFileReference; fileEncoding = 4; lastKnownFileType = sourcecode.c.h; path = AddJobDescriptionViewController.h; sourceTree = "<group>"; };
		2227376E19B09D07007FD9A0 /* AddJobDescriptionViewController.m */ = {isa = PBXFileReference; fileEncoding = 4; lastKnownFileType = sourcecode.c.objc; path = AddJobDescriptionViewController.m; sourceTree = "<group>"; };
		222FE05F19A4AC4D00FD61BA /* SMCalloutView.h */ = {isa = PBXFileReference; fileEncoding = 4; lastKnownFileType = sourcecode.c.h; name = SMCalloutView.h; path = HMCallOutViews/SMCalloutView.h; sourceTree = SOURCE_ROOT; };
		222FE06019A4AC5E00FD61BA /* SMCalloutView.m */ = {isa = PBXFileReference; fileEncoding = 4; lastKnownFileType = sourcecode.c.objc; name = SMCalloutView.m; path = HMCallOutViews/SMCalloutView.m; sourceTree = SOURCE_ROOT; };
		2245457B198A6D77009A52FE /* fixify.app */ = {isa = PBXFileReference; explicitFileType = wrapper.application; includeInIndex = 0; path = fixify.app; sourceTree = BUILT_PRODUCTS_DIR; };
		2245457E198A6D77009A52FE /* Foundation.framework */ = {isa = PBXFileReference; lastKnownFileType = wrapper.framework; name = Foundation.framework; path = System/Library/Frameworks/Foundation.framework; sourceTree = SDKROOT; };
		22454580198A6D77009A52FE /* CoreGraphics.framework */ = {isa = PBXFileReference; lastKnownFileType = wrapper.framework; name = CoreGraphics.framework; path = System/Library/Frameworks/CoreGraphics.framework; sourceTree = SDKROOT; };
		22454582198A6D77009A52FE /* UIKit.framework */ = {isa = PBXFileReference; lastKnownFileType = wrapper.framework; name = UIKit.framework; path = System/Library/Frameworks/UIKit.framework; sourceTree = SDKROOT; };
		22454586198A6D77009A52FE /* fixify-Info.plist */ = {isa = PBXFileReference; lastKnownFileType = text.plist.xml; path = "fixify-Info.plist"; sourceTree = "<group>"; };
		22454588198A6D77009A52FE /* en */ = {isa = PBXFileReference; lastKnownFileType = text.plist.strings; name = en; path = en.lproj/InfoPlist.strings; sourceTree = "<group>"; };
		2245458A198A6D77009A52FE /* main.m */ = {isa = PBXFileReference; lastKnownFileType = sourcecode.c.objc; path = main.m; sourceTree = "<group>"; };
		2245458C198A6D77009A52FE /* fixify-Prefix.pch */ = {isa = PBXFileReference; lastKnownFileType = sourcecode.c.h; path = "fixify-Prefix.pch"; sourceTree = "<group>"; };
		2245458D198A6D77009A52FE /* AppDelegate.h */ = {isa = PBXFileReference; lastKnownFileType = sourcecode.c.h; path = AppDelegate.h; sourceTree = "<group>"; };
		2245458E198A6D77009A52FE /* AppDelegate.m */ = {isa = PBXFileReference; lastKnownFileType = sourcecode.c.objc; path = AppDelegate.m; sourceTree = "<group>"; };
		22454591198A6D77009A52FE /* Base */ = {isa = PBXFileReference; lastKnownFileType = file.storyboard; name = Base; path = Base.lproj/Main.storyboard; sourceTree = "<group>"; };
		2245459C198A6D78009A52FE /* fixifyTests.xctest */ = {isa = PBXFileReference; explicitFileType = wrapper.cfbundle; includeInIndex = 0; path = fixifyTests.xctest; sourceTree = BUILT_PRODUCTS_DIR; };
		2245459D198A6D78009A52FE /* XCTest.framework */ = {isa = PBXFileReference; lastKnownFileType = wrapper.framework; name = XCTest.framework; path = Library/Frameworks/XCTest.framework; sourceTree = DEVELOPER_DIR; };
		224545A5198A6D78009A52FE /* fixifyTests-Info.plist */ = {isa = PBXFileReference; lastKnownFileType = text.plist.xml; path = "fixifyTests-Info.plist"; sourceTree = "<group>"; };
		224545A7198A6D78009A52FE /* en */ = {isa = PBXFileReference; lastKnownFileType = text.plist.strings; name = en; path = en.lproj/InfoPlist.strings; sourceTree = "<group>"; };
		224545A9198A6D78009A52FE /* fixifyTests.m */ = {isa = PBXFileReference; lastKnownFileType = sourcecode.c.objc; path = fixifyTests.m; sourceTree = "<group>"; };
		2249AEBB199258760028F92E /* MBProgressHUD.m */ = {isa = PBXFileReference; fileEncoding = 4; lastKnownFileType = sourcecode.c.objc; path = MBProgressHUD.m; sourceTree = "<group>"; };
		2249AEBD1992587F0028F92E /* MBProgressHUD.h */ = {isa = PBXFileReference; fileEncoding = 4; lastKnownFileType = sourcecode.c.h; path = MBProgressHUD.h; sourceTree = "<group>"; };
		228FE61719B72E8D0080015E /* SearchAddressViewController.h */ = {isa = PBXFileReference; fileEncoding = 4; lastKnownFileType = sourcecode.c.h; path = SearchAddressViewController.h; sourceTree = "<group>"; };
		228FE61819B72E8D0080015E /* SearchAddressViewController.m */ = {isa = PBXFileReference; fileEncoding = 4; lastKnownFileType = sourcecode.c.objc; path = SearchAddressViewController.m; sourceTree = "<group>"; };
		22960618199348F4003062CA /* Utilities.h */ = {isa = PBXFileReference; fileEncoding = 4; lastKnownFileType = sourcecode.c.h; path = Utilities.h; sourceTree = "<group>"; };
		22960619199348F4003062CA /* Utilities.m */ = {isa = PBXFileReference; fileEncoding = 4; lastKnownFileType = sourcecode.c.objc; path = Utilities.m; sourceTree = "<group>"; };
		2296061B19936112003062CA /* FacebookSDK.framework */ = {isa = PBXFileReference; lastKnownFileType = wrapper.framework; name = FacebookSDK.framework; path = fixify/Resources/FacebookSDK.framework; sourceTree = "<group>"; };
		2296061D199395F2003062CA /* TermsAndConditionsViewController.h */ = {isa = PBXFileReference; fileEncoding = 4; lastKnownFileType = sourcecode.c.h; path = TermsAndConditionsViewController.h; sourceTree = "<group>"; };
		2296061E19939600003062CA /* TermsAndConditionsViewController.m */ = {isa = PBXFileReference; fileEncoding = 4; lastKnownFileType = sourcecode.c.objc; path = TermsAndConditionsViewController.m; sourceTree = "<group>"; };
		229616BB19C7003A00515496 /* EstimatesTableViewCell.h */ = {isa = PBXFileReference; fileEncoding = 4; lastKnownFileType = sourcecode.c.h; path = EstimatesTableViewCell.h; sourceTree = "<group>"; };
		229616BC19C7003A00515496 /* EstimatesTableViewCell.m */ = {isa = PBXFileReference; fileEncoding = 4; lastKnownFileType = sourcecode.c.objc; path = EstimatesTableViewCell.m; sourceTree = "<group>"; };
		229616BE19C7004D00515496 /* CommentReplyTableViewCell.h */ = {isa = PBXFileReference; fileEncoding = 4; lastKnownFileType = sourcecode.c.h; path = CommentReplyTableViewCell.h; sourceTree = "<group>"; };
		229616BF19C7004D00515496 /* CommentReplyTableViewCell.m */ = {isa = PBXFileReference; fileEncoding = 4; lastKnownFileType = sourcecode.c.objc; path = CommentReplyTableViewCell.m; sourceTree = "<group>"; };
		22968E751999DA730041E145 /* VerifyNumberViewController.h */ = {isa = PBXFileReference; fileEncoding = 4; lastKnownFileType = sourcecode.c.h; path = VerifyNumberViewController.h; sourceTree = "<group>"; };
		22968E761999DA730041E145 /* VerifyNumberViewController.m */ = {isa = PBXFileReference; fileEncoding = 4; lastKnownFileType = sourcecode.c.objc; path = VerifyNumberViewController.m; sourceTree = "<group>"; };
		2296F03C19AC5B9C004364CA /* SubmitQuoteViewController.h */ = {isa = PBXFileReference; fileEncoding = 4; lastKnownFileType = sourcecode.c.h; path = SubmitQuoteViewController.h; sourceTree = "<group>"; };
		2296F03D19AC5B9C004364CA /* SubmitQuoteViewController.m */ = {isa = PBXFileReference; fileEncoding = 4; lastKnownFileType = sourcecode.c.objc; path = SubmitQuoteViewController.m; sourceTree = "<group>"; };
		22974B7D19A318DA00A245D1 /* JobListingViewController.h */ = {isa = PBXFileReference; fileEncoding = 4; lastKnownFileType = sourcecode.c.h; path = JobListingViewController.h; sourceTree = "<group>"; };
		22974B7E19A318DA00A245D1 /* JobListingViewController.m */ = {isa = PBXFileReference; fileEncoding = 4; lastKnownFileType = sourcecode.c.objc; path = JobListingViewController.m; sourceTree = "<group>"; };
		22974B8019A318FE00A245D1 /* OppurtunityListingViewController.h */ = {isa = PBXFileReference; fileEncoding = 4; lastKnownFileType = sourcecode.c.h; path = OppurtunityListingViewController.h; sourceTree = "<group>"; };
		22974B8119A318FE00A245D1 /* OppurtunityListingViewController.m */ = {isa = PBXFileReference; fileEncoding = 4; lastKnownFileType = sourcecode.c.objc; path = OppurtunityListingViewController.m; sourceTree = "<group>"; };
		22974B8519A3405B00A245D1 /* MapKit.framework */ = {isa = PBXFileReference; lastKnownFileType = wrapper.framework; name = MapKit.framework; path = System/Library/Frameworks/MapKit.framework; sourceTree = SDKROOT; };
		22974B8B19A35F5900A245D1 /* HMSegmentedControl.h */ = {isa = PBXFileReference; fileEncoding = 4; lastKnownFileType = sourcecode.c.h; path = HMSegmentedControl.h; sourceTree = "<group>"; };
		22974B8C19A35F5900A245D1 /* HMSegmentedControl.m */ = {isa = PBXFileReference; fileEncoding = 4; lastKnownFileType = sourcecode.c.objc; path = HMSegmentedControl.m; sourceTree = "<group>"; };
		22980B8E199C8DD10088B3AB /* FixifyUser.h */ = {isa = PBXFileReference; fileEncoding = 4; lastKnownFileType = sourcecode.c.h; path = FixifyUser.h; sourceTree = "<group>"; };
		22980B8F199C8DD10088B3AB /* FixifyUser.m */ = {isa = PBXFileReference; fileEncoding = 4; lastKnownFileType = sourcecode.c.objc; path = FixifyUser.m; sourceTree = "<group>"; };
		22980B91199CAA6A0088B3AB /* EditProfileViewController.h */ = {isa = PBXFileReference; fileEncoding = 4; lastKnownFileType = sourcecode.c.h; path = EditProfileViewController.h; sourceTree = "<group>"; };
		22980B92199CAA6A0088B3AB /* EditProfileViewController.m */ = {isa = PBXFileReference; fileEncoding = 4; lastKnownFileType = sourcecode.c.objc; path = EditProfileViewController.m; sourceTree = "<group>"; };
		22986A0719AF2F790069C8F1 /* UserJobDetailViewController.h */ = {isa = PBXFileReference; fileEncoding = 4; lastKnownFileType = sourcecode.c.h; path = UserJobDetailViewController.h; sourceTree = "<group>"; };
		22986A0819AF2F790069C8F1 /* UserJobDetailViewController.m */ = {isa = PBXFileReference; fileEncoding = 4; lastKnownFileType = sourcecode.c.objc; path = UserJobDetailViewController.m; sourceTree = "<group>"; };
		2298D78819C2CF0900565AB7 /* FXAnnotation.h */ = {isa = PBXFileReference; fileEncoding = 4; lastKnownFileType = sourcecode.c.h; path = FXAnnotation.h; sourceTree = "<group>"; };
		2298D78919C2CF0900565AB7 /* FXAnnotation.m */ = {isa = PBXFileReference; fileEncoding = 4; lastKnownFileType = sourcecode.c.objc; path = FXAnnotation.m; sourceTree = "<group>"; };
		22994A0319A5BA1900151CD0 /* JobDetailViewController.h */ = {isa = PBXFileReference; fileEncoding = 4; lastKnownFileType = sourcecode.c.h; path = JobDetailViewController.h; sourceTree = "<group>"; };
		22994A0419A5BA1900151CD0 /* JobDetailViewController.m */ = {isa = PBXFileReference; fileEncoding = 4; lastKnownFileType = sourcecode.c.objc; path = JobDetailViewController.m; sourceTree = "<group>"; };
		22994A0619A5DE2700151CD0 /* CommentsTableViewCell.h */ = {isa = PBXFileReference; fileEncoding = 4; lastKnownFileType = sourcecode.c.h; path = CommentsTableViewCell.h; sourceTree = "<group>"; };
		22994A0719A5DE2700151CD0 /* CommentsTableViewCell.m */ = {isa = PBXFileReference; fileEncoding = 4; lastKnownFileType = sourcecode.c.objc; path = CommentsTableViewCell.m; sourceTree = "<group>"; };
		22994A0919A5DE7000151CD0 /* JobImageCollectionViewCell.h */ = {isa = PBXFileReference; fileEncoding = 4; lastKnownFileType = sourcecode.c.h; path = JobImageCollectionViewCell.h; sourceTree = "<group>"; };
		22994A0A19A5DE7000151CD0 /* JobImageCollectionViewCell.m */ = {isa = PBXFileReference; fileEncoding = 4; lastKnownFileType = sourcecode.c.objc; path = JobImageCollectionViewCell.m; sourceTree = "<group>"; };
		229BF3A919B040A400727119 /* JobList.plist */ = {isa = PBXFileReference; fileEncoding = 4; lastKnownFileType = text.plist.xml; path = JobList.plist; sourceTree = "<group>"; };
		229BF3F619B054BE00727119 /* FixifyJob.h */ = {isa = PBXFileReference; fileEncoding = 4; lastKnownFileType = sourcecode.c.h; path = FixifyJob.h; sourceTree = "<group>"; };
		229BF3F719B054BE00727119 /* FixifyJob.m */ = {isa = PBXFileReference; fileEncoding = 4; lastKnownFileType = sourcecode.c.objc; path = FixifyJob.m; sourceTree = "<group>"; };
		229BF3F919B057B700727119 /* ChooseAdressViewController.h */ = {isa = PBXFileReference; fileEncoding = 4; lastKnownFileType = sourcecode.c.h; path = ChooseAdressViewController.h; sourceTree = "<group>"; };
		229BF3FA19B057B700727119 /* ChooseAdressViewController.m */ = {isa = PBXFileReference; fileEncoding = 4; lastKnownFileType = sourcecode.c.objc; path = ChooseAdressViewController.m; sourceTree = "<group>"; };
		229DF76E19CAD83C00C32A49 /* EstimateDetailViewController.h */ = {isa = PBXFileReference; fileEncoding = 4; lastKnownFileType = sourcecode.c.h; path = EstimateDetailViewController.h; sourceTree = "<group>"; };
		229DF76F19CAD83C00C32A49 /* EstimateDetailViewController.m */ = {isa = PBXFileReference; fileEncoding = 4; lastKnownFileType = sourcecode.c.objc; path = EstimateDetailViewController.m; sourceTree = "<group>"; };
		229EF15919A1CF56008B5CCF /* ChangePasswordViewController.h */ = {isa = PBXFileReference; fileEncoding = 4; lastKnownFileType = sourcecode.c.h; path = ChangePasswordViewController.h; sourceTree = "<group>"; };
		229EF15A19A1CF56008B5CCF /* ChangePasswordViewController.m */ = {isa = PBXFileReference; fileEncoding = 4; lastKnownFileType = sourcecode.c.objc; path = ChangePasswordViewController.m; sourceTree = "<group>"; };
		22CFAF0B1990F11E0077D9E9 /* AppTourCell.h */ = {isa = PBXFileReference; lastKnownFileType = sourcecode.c.h; name = AppTourCell.h; path = "View Controllers/AppTourCell.h"; sourceTree = "<group>"; };
		22CFAF0C1990F12A0077D9E9 /* AppTourCell.m */ = {isa = PBXFileReference; fileEncoding = 4; lastKnownFileType = sourcecode.c.objc; name = AppTourCell.m; path = "View Controllers/AppTourCell.m"; sourceTree = "<group>"; };
		22CFAF0E1990F1370077D9E9 /* SignInViewController.h */ = {isa = PBXFileReference; lastKnownFileType = sourcecode.c.h; name = SignInViewController.h; path = "View Controllers/SignInViewController.h"; sourceTree = "<group>"; };
		22CFAF0F1990F13F0077D9E9 /* SignInViewController.m */ = {isa = PBXFileReference; fileEncoding = 4; lastKnownFileType = sourcecode.c.objc; name = SignInViewController.m; path = "View Controllers/SignInViewController.m"; sourceTree = "<group>"; };
		22CFAF111990F14C0077D9E9 /* WelcomeScreenViewController.h */ = {isa = PBXFileReference; lastKnownFileType = sourcecode.c.h; name = WelcomeScreenViewController.h; path = "View Controllers/WelcomeScreenViewController.h"; sourceTree = "<group>"; };
		22CFAF121990F1520077D9E9 /* WelcomeScreenViewController.m */ = {isa = PBXFileReference; fileEncoding = 4; lastKnownFileType = sourcecode.c.objc; name = WelcomeScreenViewController.m; path = "View Controllers/WelcomeScreenViewController.m"; sourceTree = "<group>"; };
		22CFAF141990F1600077D9E9 /* RegisterViewController.h */ = {isa = PBXFileReference; lastKnownFileType = sourcecode.c.h; name = RegisterViewController.h; path = "View Controllers/RegisterViewController.h"; sourceTree = "<group>"; };
		22CFAF151990F1690077D9E9 /* RegisterViewController.m */ = {isa = PBXFileReference; fileEncoding = 4; lastKnownFileType = sourcecode.c.objc; name = RegisterViewController.m; path = "View Controllers/RegisterViewController.m"; sourceTree = "<group>"; };
		22CFAF171990F3E20077D9E9 /* Parse.framework */ = {isa = PBXFileReference; lastKnownFileType = wrapper.framework; name = Parse.framework; path = fixify/Resources/Parse.framework; sourceTree = "<group>"; };
		22CFAF191990F3FB0077D9E9 /* AudioToolbox.framework */ = {isa = PBXFileReference; lastKnownFileType = wrapper.framework; name = AudioToolbox.framework; path = System/Library/Frameworks/AudioToolbox.framework; sourceTree = SDKROOT; };
		22CFAF1B1990F4020077D9E9 /* CFNetwork.framework */ = {isa = PBXFileReference; lastKnownFileType = wrapper.framework; name = CFNetwork.framework; path = System/Library/Frameworks/CFNetwork.framework; sourceTree = SDKROOT; };
		22CFAF1D1990F4120077D9E9 /* CoreLocation.framework */ = {isa = PBXFileReference; lastKnownFileType = wrapper.framework; name = CoreLocation.framework; path = System/Library/Frameworks/CoreLocation.framework; sourceTree = SDKROOT; };
		22CFAF1F1990F42E0077D9E9 /* libz.dylib */ = {isa = PBXFileReference; lastKnownFileType = "compiled.mach-o.dylib"; name = libz.dylib; path = usr/lib/libz.dylib; sourceTree = SDKROOT; };
		22CFAF211990F43A0077D9E9 /* MobileCoreServices.framework */ = {isa = PBXFileReference; lastKnownFileType = wrapper.framework; name = MobileCoreServices.framework; path = System/Library/Frameworks/MobileCoreServices.framework; sourceTree = SDKROOT; };
		22CFAF231990F4430077D9E9 /* QuartzCore.framework */ = {isa = PBXFileReference; lastKnownFileType = wrapper.framework; name = QuartzCore.framework; path = System/Library/Frameworks/QuartzCore.framework; sourceTree = SDKROOT; };
		22CFAF251990F4500077D9E9 /* Security.framework */ = {isa = PBXFileReference; lastKnownFileType = wrapper.framework; name = Security.framework; path = System/Library/Frameworks/Security.framework; sourceTree = SDKROOT; };
		22CFAF271990F45D0077D9E9 /* StoreKit.framework */ = {isa = PBXFileReference; lastKnownFileType = wrapper.framework; name = StoreKit.framework; path = System/Library/Frameworks/StoreKit.framework; sourceTree = SDKROOT; };
		22CFAF291990F4660077D9E9 /* SystemConfiguration.framework */ = {isa = PBXFileReference; lastKnownFileType = wrapper.framework; name = SystemConfiguration.framework; path = System/Library/Frameworks/SystemConfiguration.framework; sourceTree = SDKROOT; };
		22CFAF2B1990F6680077D9E9 /* Constants.h */ = {isa = PBXFileReference; lastKnownFileType = sourcecode.c.h; path = Constants.h; sourceTree = "<group>"; };
		22D1DF811999E85B007F91CD /* Images.xcassets */ = {isa = PBXFileReference; lastKnownFileType = folder.assetcatalog; path = Images.xcassets; sourceTree = "<group>"; };
		22DA2BFB1994A2CF00B0FBE8 /* ParseUtilities.h */ = {isa = PBXFileReference; fileEncoding = 4; lastKnownFileType = sourcecode.c.h; path = ParseUtilities.h; sourceTree = "<group>"; };
		22DA2BFC1994A2CF00B0FBE8 /* ParseUtilities.m */ = {isa = PBXFileReference; fileEncoding = 4; lastKnownFileType = sourcecode.c.objc; path = ParseUtilities.m; sourceTree = "<group>"; };
		22ECD57919B5ECBF00549327 /* MyJobsViewController.h */ = {isa = PBXFileReference; fileEncoding = 4; lastKnownFileType = sourcecode.c.h; path = MyJobsViewController.h; sourceTree = "<group>"; };
		22ECD57A19B5ECBF00549327 /* MyJobsViewController.m */ = {isa = PBXFileReference; fileEncoding = 4; lastKnownFileType = sourcecode.c.objc; path = MyJobsViewController.m; sourceTree = "<group>"; };
		22ECD57C19B5FB4F00549327 /* MyJobsCollectionViewCell.h */ = {isa = PBXFileReference; fileEncoding = 4; lastKnownFileType = sourcecode.c.h; path = MyJobsCollectionViewCell.h; sourceTree = "<group>"; };
		22ECD57D19B5FB4F00549327 /* MyJobsCollectionViewCell.m */ = {isa = PBXFileReference; fileEncoding = 4; lastKnownFileType = sourcecode.c.objc; path = MyJobsCollectionViewCell.m; sourceTree = "<group>"; };
/* End PBXFileReference section */

/* Begin PBXFrameworksBuildPhase section */
		22454578198A6D77009A52FE /* Frameworks */ = {
			isa = PBXFrameworksBuildPhase;
			buildActionMask = 2147483647;
			files = (
				22CFAF1E1990F4120077D9E9 /* CoreLocation.framework in Frameworks */,
				22974B8619A3405B00A245D1 /* MapKit.framework in Frameworks */,
				22CFAF2A1990F4660077D9E9 /* SystemConfiguration.framework in Frameworks */,
				22CFAF281990F45D0077D9E9 /* StoreKit.framework in Frameworks */,
				22CFAF261990F4500077D9E9 /* Security.framework in Frameworks */,
				22CFAF241990F4430077D9E9 /* QuartzCore.framework in Frameworks */,
				22CFAF221990F43A0077D9E9 /* MobileCoreServices.framework in Frameworks */,
				22CFAF201990F42E0077D9E9 /* libz.dylib in Frameworks */,
				22454581198A6D77009A52FE /* CoreGraphics.framework in Frameworks */,
				22CFAF1C1990F4020077D9E9 /* CFNetwork.framework in Frameworks */,
				22CFAF1A1990F3FB0077D9E9 /* AudioToolbox.framework in Frameworks */,
				22CFAF181990F3E20077D9E9 /* Parse.framework in Frameworks */,
				22454583198A6D77009A52FE /* UIKit.framework in Frameworks */,
				2245457F198A6D77009A52FE /* Foundation.framework in Frameworks */,
				2296061C19936113003062CA /* FacebookSDK.framework in Frameworks */,
			);
			runOnlyForDeploymentPostprocessing = 0;
		};
		22454599198A6D78009A52FE /* Frameworks */ = {
			isa = PBXFrameworksBuildPhase;
			buildActionMask = 2147483647;
			files = (
				2245459E198A6D78009A52FE /* XCTest.framework in Frameworks */,
				224545A0198A6D78009A52FE /* UIKit.framework in Frameworks */,
				2245459F198A6D78009A52FE /* Foundation.framework in Frameworks */,
			);
			runOnlyForDeploymentPostprocessing = 0;
		};
/* End PBXFrameworksBuildPhase section */

/* Begin PBXGroup section */
		22454572198A6D77009A52FE = {
			isa = PBXGroup;
			children = (
				22454584198A6D77009A52FE /* fixify */,
				224545A3198A6D78009A52FE /* fixifyTests */,
				2245457D198A6D77009A52FE /* Frameworks */,
				2245457C198A6D77009A52FE /* Products */,
			);
			sourceTree = "<group>";
		};
		2245457C198A6D77009A52FE /* Products */ = {
			isa = PBXGroup;
			children = (
				2245457B198A6D77009A52FE /* fixify.app */,
				2245459C198A6D78009A52FE /* fixifyTests.xctest */,
			);
			name = Products;
			sourceTree = "<group>";
		};
		2245457D198A6D77009A52FE /* Frameworks */ = {
			isa = PBXGroup;
			children = (
				22974B8519A3405B00A245D1 /* MapKit.framework */,
				2296061B19936112003062CA /* FacebookSDK.framework */,
				22CFAF291990F4660077D9E9 /* SystemConfiguration.framework */,
				22CFAF271990F45D0077D9E9 /* StoreKit.framework */,
				22CFAF251990F4500077D9E9 /* Security.framework */,
				22CFAF231990F4430077D9E9 /* QuartzCore.framework */,
				22CFAF211990F43A0077D9E9 /* MobileCoreServices.framework */,
				22CFAF1F1990F42E0077D9E9 /* libz.dylib */,
				22CFAF1D1990F4120077D9E9 /* CoreLocation.framework */,
				22CFAF1B1990F4020077D9E9 /* CFNetwork.framework */,
				22CFAF191990F3FB0077D9E9 /* AudioToolbox.framework */,
				22CFAF171990F3E20077D9E9 /* Parse.framework */,
				2245457E198A6D77009A52FE /* Foundation.framework */,
				22454580198A6D77009A52FE /* CoreGraphics.framework */,
				22454582198A6D77009A52FE /* UIKit.framework */,
				2245459D198A6D78009A52FE /* XCTest.framework */,
			);
			name = Frameworks;
			sourceTree = "<group>";
		};
		22454584198A6D77009A52FE /* fixify */ = {
			isa = PBXGroup;
			children = (
				2245458D198A6D77009A52FE /* AppDelegate.h */,
				2245458E198A6D77009A52FE /* AppDelegate.m */,
				22CFAF2B1990F6680077D9E9 /* Constants.h */,
				22960618199348F4003062CA /* Utilities.h */,
				22960619199348F4003062CA /* Utilities.m */,
				22454590198A6D77009A52FE /* Main.storyboard */,
				22DA2BFB1994A2CF00B0FBE8 /* ParseUtilities.h */,
				22DA2BFC1994A2CF00B0FBE8 /* ParseUtilities.m */,
				229BF3A919B040A400727119 /* JobList.plist */,
				22986A0619AF2F080069C8F1 /* User */,
				22974B7C19A317D100A245D1 /* Tradesman */,
				229A6A5C198B5EFE009B1930 /* Resources */,
				229A6A52198B5C8B009B1930 /* Login */,
				22EBDACE198F5C7E00323851 /* Views */,
				22D1DF811999E85B007F91CD /* Images.xcassets */,
				22454585198A6D77009A52FE /* Supporting Files */,
			);
			path = fixify;
			sourceTree = "<group>";
		};
		22454585198A6D77009A52FE /* Supporting Files */ = {
			isa = PBXGroup;
			children = (
				22454586198A6D77009A52FE /* fixify-Info.plist */,
				22454587198A6D77009A52FE /* InfoPlist.strings */,
				2245458A198A6D77009A52FE /* main.m */,
				2245458C198A6D77009A52FE /* fixify-Prefix.pch */,
			);
			name = "Supporting Files";
			sourceTree = "<group>";
		};
		224545A3198A6D78009A52FE /* fixifyTests */ = {
			isa = PBXGroup;
			children = (
				224545A9198A6D78009A52FE /* fixifyTests.m */,
				224545A4198A6D78009A52FE /* Supporting Files */,
			);
			path = fixifyTests;
			sourceTree = "<group>";
		};
		224545A4198A6D78009A52FE /* Supporting Files */ = {
			isa = PBXGroup;
			children = (
				224545A5198A6D78009A52FE /* fixifyTests-Info.plist */,
				224545A6198A6D78009A52FE /* InfoPlist.strings */,
			);
			name = "Supporting Files";
			sourceTree = "<group>";
		};
		22974B7C19A317D100A245D1 /* Tradesman */ = {
			isa = PBXGroup;
			children = (
				22974B7D19A318DA00A245D1 /* JobListingViewController.h */,
				22974B7E19A318DA00A245D1 /* JobListingViewController.m */,
				22974B8019A318FE00A245D1 /* OppurtunityListingViewController.h */,
				22974B8119A318FE00A245D1 /* OppurtunityListingViewController.m */,
				22994A0319A5BA1900151CD0 /* JobDetailViewController.h */,
				22994A0419A5BA1900151CD0 /* JobDetailViewController.m */,
				2296F03C19AC5B9C004364CA /* SubmitQuoteViewController.h */,
				2296F03D19AC5B9C004364CA /* SubmitQuoteViewController.m */,
				220C866A19BF279900CF4497 /* CategoryListingViewController.h */,
				220C866B19BF279900CF4497 /* CategoryListingViewController.m */,
			);
			name = Tradesman;
			sourceTree = "<group>";
		};
		22974B8A19A35F5900A245D1 /* HMSegmentedControl */ = {
			isa = PBXGroup;
			children = (
				22974B8B19A35F5900A245D1 /* HMSegmentedControl.h */,
				22974B8C19A35F5900A245D1 /* HMSegmentedControl.m */,
			);
			path = HMSegmentedControl;
			sourceTree = "<group>";
		};
		22980B8D199C8CA60088B3AB /* Models */ = {
			isa = PBXGroup;
			children = (
				22980B8E199C8DD10088B3AB /* FixifyUser.h */,
				22980B8F199C8DD10088B3AB /* FixifyUser.m */,
				229BF3F619B054BE00727119 /* FixifyJob.h */,
				229BF3F719B054BE00727119 /* FixifyJob.m */,
				221B9EB119C3498D0073DE05 /* FixifyJobEstimates.h */,
				221B9EB219C3498D0073DE05 /* FixifyJobEstimates.m */,
			);
			name = Models;
			sourceTree = "<group>";
		};
		22986A0619AF2F080069C8F1 /* User */ = {
			isa = PBXGroup;
			children = (
				2200F3091998A3E500729065 /* AddJobViewController.h */,
				2200F30A1998A3E500729065 /* AddJobViewController.m */,
				229BF3F919B057B700727119 /* ChooseAdressViewController.h */,
				229BF3FA19B057B700727119 /* ChooseAdressViewController.m */,
				2227376D19B09D07007FD9A0 /* AddJobDescriptionViewController.h */,
				2227376E19B09D07007FD9A0 /* AddJobDescriptionViewController.m */,
				22986A0719AF2F790069C8F1 /* UserJobDetailViewController.h */,
				22986A0819AF2F790069C8F1 /* UserJobDetailViewController.m */,
				229DF76E19CAD83C00C32A49 /* EstimateDetailViewController.h */,
				229DF76F19CAD83C00C32A49 /* EstimateDetailViewController.m */,
				22ECD57919B5ECBF00549327 /* MyJobsViewController.h */,
				22ECD57A19B5ECBF00549327 /* MyJobsViewController.m */,
				228FE61719B72E8D0080015E /* SearchAddressViewController.h */,
				228FE61819B72E8D0080015E /* SearchAddressViewController.m */,
				2218B01719CB0287002468B6 /* TradesmanProfileViewController.h */,
				2218B01819CB0287002468B6 /* TradesmanProfileViewController.m */,
			);
			name = User;
			sourceTree = "<group>";
		};
		229A6A52198B5C8B009B1930 /* Login */ = {
			isa = PBXGroup;
			children = (
				22968E751999DA730041E145 /* VerifyNumberViewController.h */,
				22968E761999DA730041E145 /* VerifyNumberViewController.m */,
				22CFAF111990F14C0077D9E9 /* WelcomeScreenViewController.h */,
				22CFAF121990F1520077D9E9 /* WelcomeScreenViewController.m */,
				229EF15919A1CF56008B5CCF /* ChangePasswordViewController.h */,
				229EF15A19A1CF56008B5CCF /* ChangePasswordViewController.m */,
				22980B91199CAA6A0088B3AB /* EditProfileViewController.h */,
				22980B92199CAA6A0088B3AB /* EditProfileViewController.m */,
				22CFAF0E1990F1370077D9E9 /* SignInViewController.h */,
				22CFAF0F1990F13F0077D9E9 /* SignInViewController.m */,
				2296061D199395F2003062CA /* TermsAndConditionsViewController.h */,
				2296061E19939600003062CA /* TermsAndConditionsViewController.m */,
				22CFAF141990F1600077D9E9 /* RegisterViewController.h */,
				22CFAF151990F1690077D9E9 /* RegisterViewController.m */,
			);
			name = Login;
			sourceTree = "<group>";
		};
		229A6A5C198B5EFE009B1930 /* Resources */ = {
			isa = PBXGroup;
			children = (
				2249AEBD1992587F0028F92E /* MBProgressHUD.h */,
				2249AEBB199258760028F92E /* MBProgressHUD.m */,
				222FE06019A4AC5E00FD61BA /* SMCalloutView.m */,
				222FE05F19A4AC4D00FD61BA /* SMCalloutView.h */,
				22974B8A19A35F5900A245D1 /* HMSegmentedControl */,
				229A6A5D198B5F55009B1930 /* Images */,
			);
			name = Resources;
			sourceTree = "<group>";
		};
		229A6A5D198B5F55009B1930 /* Images */ = {
			isa = PBXGroup;
			children = (
				2208A89019A37EC400D125ED /* window.jpg */,
			);
			name = Images;
			sourceTree = "<group>";
		};
		22EBDACE198F5C7E00323851 /* Views */ = {
			isa = PBXGroup;
			children = (
				22980B8D199C8CA60088B3AB /* Models */,
				22CFAF0B1990F11E0077D9E9 /* AppTourCell.h */,
				22CFAF0C1990F12A0077D9E9 /* AppTourCell.m */,
				2200F3061998A16A00729065 /* CategoryCell.h */,
				2200F3071998A16A00729065 /* CategoryCell.m */,
				2208A88D19A373F700D125ED /* JobOppurtunityCellTableViewCell.h */,
				2208A88E19A373F700D125ED /* JobOppurtunityCellTableViewCell.m */,
				22994A0619A5DE2700151CD0 /* CommentsTableViewCell.h */,
				22994A0719A5DE2700151CD0 /* CommentsTableViewCell.m */,
				22994A0919A5DE7000151CD0 /* JobImageCollectionViewCell.h */,
				22994A0A19A5DE7000151CD0 /* JobImageCollectionViewCell.m */,
				22ECD57C19B5FB4F00549327 /* MyJobsCollectionViewCell.h */,
				22ECD57D19B5FB4F00549327 /* MyJobsCollectionViewCell.m */,
				2298D78819C2CF0900565AB7 /* FXAnnotation.h */,
				2298D78919C2CF0900565AB7 /* FXAnnotation.m */,
				229616BB19C7003A00515496 /* EstimatesTableViewCell.h */,
				229616BC19C7003A00515496 /* EstimatesTableViewCell.m */,
				229616BE19C7004D00515496 /* CommentReplyTableViewCell.h */,
				229616BF19C7004D00515496 /* CommentReplyTableViewCell.m */,
			);
			name = Views;
			sourceTree = "<group>";
		};
/* End PBXGroup section */

/* Begin PBXNativeTarget section */
		2245457A198A6D77009A52FE /* fixify */ = {
			isa = PBXNativeTarget;
			buildConfigurationList = 224545AD198A6D78009A52FE /* Build configuration list for PBXNativeTarget "fixify" */;
			buildPhases = (
				22454577198A6D77009A52FE /* Sources */,
				22454578198A6D77009A52FE /* Frameworks */,
				22454579198A6D77009A52FE /* Resources */,
			);
			buildRules = (
			);
			dependencies = (
			);
			name = fixify;
			productName = fixify;
			productReference = 2245457B198A6D77009A52FE /* fixify.app */;
			productType = "com.apple.product-type.application";
		};
		2245459B198A6D78009A52FE /* fixifyTests */ = {
			isa = PBXNativeTarget;
			buildConfigurationList = 224545B0198A6D78009A52FE /* Build configuration list for PBXNativeTarget "fixifyTests" */;
			buildPhases = (
				22454598198A6D78009A52FE /* Sources */,
				22454599198A6D78009A52FE /* Frameworks */,
				2245459A198A6D78009A52FE /* Resources */,
			);
			buildRules = (
			);
			dependencies = (
				224545A2198A6D78009A52FE /* PBXTargetDependency */,
			);
			name = fixifyTests;
			productName = fixifyTests;
			productReference = 2245459C198A6D78009A52FE /* fixifyTests.xctest */;
			productType = "com.apple.product-type.bundle.unit-test";
		};
/* End PBXNativeTarget section */

/* Begin PBXProject section */
		22454573198A6D77009A52FE /* Project object */ = {
			isa = PBXProject;
			attributes = {
				LastUpgradeCheck = 0510;
				ORGANIZATIONNAME = qburst;
				TargetAttributes = {
					2245459B198A6D78009A52FE = {
						TestTargetID = 2245457A198A6D77009A52FE;
					};
				};
			};
			buildConfigurationList = 22454576198A6D77009A52FE /* Build configuration list for PBXProject "fixify" */;
			compatibilityVersion = "Xcode 3.2";
			developmentRegion = English;
			hasScannedForEncodings = 0;
			knownRegions = (
				en,
				Base,
			);
			mainGroup = 22454572198A6D77009A52FE;
			productRefGroup = 2245457C198A6D77009A52FE /* Products */;
			projectDirPath = "";
			projectRoot = "";
			targets = (
				2245457A198A6D77009A52FE /* fixify */,
				2245459B198A6D78009A52FE /* fixifyTests */,
			);
		};
/* End PBXProject section */

/* Begin PBXResourcesBuildPhase section */
		22454579198A6D77009A52FE /* Resources */ = {
			isa = PBXResourcesBuildPhase;
			buildActionMask = 2147483647;
			files = (
				2297FBCB19BFFF1C003E9936 /* Main.storyboard in Resources */,
				22D1DF821999E85B007F91CD /* Images.xcassets in Resources */,
				2208A89119A37EC400D125ED /* window.jpg in Resources */,
				22454589198A6D77009A52FE /* InfoPlist.strings in Resources */,
				229BF3AA19B040A400727119 /* JobList.plist in Resources */,
			);
			runOnlyForDeploymentPostprocessing = 0;
		};
		2245459A198A6D78009A52FE /* Resources */ = {
			isa = PBXResourcesBuildPhase;
			buildActionMask = 2147483647;
			files = (
				224545A8198A6D78009A52FE /* InfoPlist.strings in Resources */,
			);
			runOnlyForDeploymentPostprocessing = 0;
		};
/* End PBXResourcesBuildPhase section */

/* Begin PBXSourcesBuildPhase section */
		22454577198A6D77009A52FE /* Sources */ = {
			isa = PBXSourcesBuildPhase;
			buildActionMask = 2147483647;
			files = (
				229BF3F819B054BE00727119 /* FixifyJob.m in Sources */,
				22968E771999DA730041E145 /* VerifyNumberViewController.m in Sources */,
				22CFAF101990F13F0077D9E9 /* SignInViewController.m in Sources */,
				222FE06119A4AC5E00FD61BA /* SMCalloutView.m in Sources */,
				22ECD57B19B5ECBF00549327 /* MyJobsViewController.m in Sources */,
				22994A0519A5BA1900151CD0 /* JobDetailViewController.m in Sources */,
				2245458F198A6D77009A52FE /* AppDelegate.m in Sources */,
				229DF77019CAD83C00C32A49 /* EstimateDetailViewController.m in Sources */,
				220C866C19BF279900CF4497 /* CategoryListingViewController.m in Sources */,
				22974B8D19A35F5900A245D1 /* HMSegmentedControl.m in Sources */,
				22986A0919AF2F790069C8F1 /* UserJobDetailViewController.m in Sources */,
				22994A0B19A5DE7000151CD0 /* JobImageCollectionViewCell.m in Sources */,
				2218B01919CB0287002468B6 /* TradesmanProfileViewController.m in Sources */,
				22974B7F19A318DA00A245D1 /* JobListingViewController.m in Sources */,
				2200F30B1998A3E500729065 /* AddJobViewController.m in Sources */,
				2296F03E19AC5B9C004364CA /* SubmitQuoteViewController.m in Sources */,
				229BF3FB19B057B700727119 /* ChooseAdressViewController.m in Sources */,
				2296061A199348F4003062CA /* Utilities.m in Sources */,
				2249AEBC199258760028F92E /* MBProgressHUD.m in Sources */,
				22ECD57E19B5FB4F00549327 /* MyJobsCollectionViewCell.m in Sources */,
				2296061F19939600003062CA /* TermsAndConditionsViewController.m in Sources */,
				22974B8219A318FE00A245D1 /* OppurtunityListingViewController.m in Sources */,
				22980B90199C8DD10088B3AB /* FixifyUser.m in Sources */,
				22DA2BFD1994A2CF00B0FBE8 /* ParseUtilities.m in Sources */,
				22CFAF0D1990F12A0077D9E9 /* AppTourCell.m in Sources */,
				2208A88F19A373F700D125ED /* JobOppurtunityCellTableViewCell.m in Sources */,
				2200F3081998A16A00729065 /* CategoryCell.m in Sources */,
				2227376F19B09D07007FD9A0 /* AddJobDescriptionViewController.m in Sources */,
				22980B93199CAA6A0088B3AB /* EditProfileViewController.m in Sources */,
				229616C019C7004D00515496 /* CommentReplyTableViewCell.m in Sources */,
				2298D78A19C2CF0900565AB7 /* FXAnnotation.m in Sources */,
				22994A0819A5DE2700151CD0 /* CommentsTableViewCell.m in Sources */,
				229616BD19C7003A00515496 /* EstimatesTableViewCell.m in Sources */,
				22CFAF161990F1690077D9E9 /* RegisterViewController.m in Sources */,
				228FE61919B72E8D0080015E /* SearchAddressViewController.m in Sources */,
				229EF15B19A1CF56008B5CCF /* ChangePasswordViewController.m in Sources */,
				221B9EB319C3498D0073DE05 /* FixifyJobEstimates.m in Sources */,
				2245458B198A6D77009A52FE /* main.m in Sources */,
				22CFAF131990F1520077D9E9 /* WelcomeScreenViewController.m in Sources */,
			);
			runOnlyForDeploymentPostprocessing = 0;
		};
		22454598198A6D78009A52FE /* Sources */ = {
			isa = PBXSourcesBuildPhase;
			buildActionMask = 2147483647;
			files = (
				224545AA198A6D78009A52FE /* fixifyTests.m in Sources */,
			);
			runOnlyForDeploymentPostprocessing = 0;
		};
/* End PBXSourcesBuildPhase section */

/* Begin PBXTargetDependency section */
		224545A2198A6D78009A52FE /* PBXTargetDependency */ = {
			isa = PBXTargetDependency;
			target = 2245457A198A6D77009A52FE /* fixify */;
			targetProxy = 224545A1198A6D78009A52FE /* PBXContainerItemProxy */;
		};
/* End PBXTargetDependency section */

/* Begin PBXVariantGroup section */
		22454587198A6D77009A52FE /* InfoPlist.strings */ = {
			isa = PBXVariantGroup;
			children = (
				22454588198A6D77009A52FE /* en */,
			);
			name = InfoPlist.strings;
			sourceTree = "<group>";
		};
		22454590198A6D77009A52FE /* Main.storyboard */ = {
			isa = PBXVariantGroup;
			children = (
				22454591198A6D77009A52FE /* Base */,
			);
			name = Main.storyboard;
			sourceTree = "<group>";
		};
		224545A6198A6D78009A52FE /* InfoPlist.strings */ = {
			isa = PBXVariantGroup;
			children = (
				224545A7198A6D78009A52FE /* en */,
			);
			name = InfoPlist.strings;
			sourceTree = "<group>";
		};
/* End PBXVariantGroup section */

/* Begin XCBuildConfiguration section */
		224545AB198A6D78009A52FE /* Debug */ = {
			isa = XCBuildConfiguration;
			buildSettings = {
				ALWAYS_SEARCH_USER_PATHS = NO;
				CLANG_CXX_LANGUAGE_STANDARD = "gnu++0x";
				CLANG_CXX_LIBRARY = "libc++";
				CLANG_ENABLE_MODULES = YES;
				CLANG_ENABLE_OBJC_ARC = YES;
				CLANG_WARN_BOOL_CONVERSION = YES;
				CLANG_WARN_CONSTANT_CONVERSION = YES;
				CLANG_WARN_DIRECT_OBJC_ISA_USAGE = YES_ERROR;
				CLANG_WARN_EMPTY_BODY = YES;
				CLANG_WARN_ENUM_CONVERSION = YES;
				CLANG_WARN_INT_CONVERSION = YES;
				CLANG_WARN_OBJC_ROOT_CLASS = YES_ERROR;
				CLANG_WARN__DUPLICATE_METHOD_MATCH = YES;
				"CODE_SIGN_IDENTITY[sdk=iphoneos*]" = "iPhone Developer";
				COPY_PHASE_STRIP = NO;
				GCC_C_LANGUAGE_STANDARD = gnu99;
				GCC_DYNAMIC_NO_PIC = NO;
				GCC_OPTIMIZATION_LEVEL = 0;
				GCC_PREPROCESSOR_DEFINITIONS = (
					"DEBUG=1",
					"$(inherited)",
				);
				GCC_SYMBOLS_PRIVATE_EXTERN = NO;
				GCC_WARN_64_TO_32_BIT_CONVERSION = YES;
				GCC_WARN_ABOUT_RETURN_TYPE = YES_ERROR;
				GCC_WARN_UNDECLARED_SELECTOR = YES;
				GCC_WARN_UNINITIALIZED_AUTOS = YES_AGGRESSIVE;
				GCC_WARN_UNUSED_FUNCTION = YES;
				GCC_WARN_UNUSED_VARIABLE = YES;
				IPHONEOS_DEPLOYMENT_TARGET = 7.1;
				ONLY_ACTIVE_ARCH = YES;
				SDKROOT = iphoneos;
			};
			name = Debug;
		};
		224545AC198A6D78009A52FE /* Release */ = {
			isa = XCBuildConfiguration;
			buildSettings = {
				ALWAYS_SEARCH_USER_PATHS = NO;
				CLANG_CXX_LANGUAGE_STANDARD = "gnu++0x";
				CLANG_CXX_LIBRARY = "libc++";
				CLANG_ENABLE_MODULES = YES;
				CLANG_ENABLE_OBJC_ARC = YES;
				CLANG_WARN_BOOL_CONVERSION = YES;
				CLANG_WARN_CONSTANT_CONVERSION = YES;
				CLANG_WARN_DIRECT_OBJC_ISA_USAGE = YES_ERROR;
				CLANG_WARN_EMPTY_BODY = YES;
				CLANG_WARN_ENUM_CONVERSION = YES;
				CLANG_WARN_INT_CONVERSION = YES;
				CLANG_WARN_OBJC_ROOT_CLASS = YES_ERROR;
				CLANG_WARN__DUPLICATE_METHOD_MATCH = YES;
				"CODE_SIGN_IDENTITY[sdk=iphoneos*]" = "iPhone Developer";
				COPY_PHASE_STRIP = YES;
				ENABLE_NS_ASSERTIONS = NO;
				GCC_C_LANGUAGE_STANDARD = gnu99;
				GCC_WARN_64_TO_32_BIT_CONVERSION = YES;
				GCC_WARN_ABOUT_RETURN_TYPE = YES_ERROR;
				GCC_WARN_UNDECLARED_SELECTOR = YES;
				GCC_WARN_UNINITIALIZED_AUTOS = YES_AGGRESSIVE;
				GCC_WARN_UNUSED_FUNCTION = YES;
				GCC_WARN_UNUSED_VARIABLE = YES;
				IPHONEOS_DEPLOYMENT_TARGET = 7.1;
				SDKROOT = iphoneos;
				VALIDATE_PRODUCT = YES;
			};
			name = Release;
		};
		224545AE198A6D78009A52FE /* Debug */ = {
			isa = XCBuildConfiguration;
			buildSettings = {
				ASSETCATALOG_COMPILER_APPICON_NAME = AppIcon;
				ASSETCATALOG_COMPILER_LAUNCHIMAGE_NAME = LaunchImage;
				FRAMEWORK_SEARCH_PATHS = (
					"$(inherited)",
					"$(PROJECT_DIR)/fixify",
					"$(PROJECT_DIR)/fixify/Resources",
				);
				GCC_PRECOMPILE_PREFIX_HEADER = YES;
				GCC_PREFIX_HEADER = "fixify/fixify-Prefix.pch";
				INFOPLIST_FILE = "fixify/fixify-Info.plist";
				IPHONEOS_DEPLOYMENT_TARGET = 7.1;
				PRODUCT_NAME = "$(TARGET_NAME)";
				WRAPPER_EXTENSION = app;
			};
			name = Debug;
		};
		224545AF198A6D78009A52FE /* Release */ = {
			isa = XCBuildConfiguration;
			buildSettings = {
				ASSETCATALOG_COMPILER_APPICON_NAME = AppIcon;
				ASSETCATALOG_COMPILER_LAUNCHIMAGE_NAME = LaunchImage;
				FRAMEWORK_SEARCH_PATHS = (
					"$(inherited)",
					"$(PROJECT_DIR)/fixify",
					"$(PROJECT_DIR)/fixify/Resources",
				);
				GCC_PRECOMPILE_PREFIX_HEADER = YES;
				GCC_PREFIX_HEADER = "fixify/fixify-Prefix.pch";
				INFOPLIST_FILE = "fixify/fixify-Info.plist";
				IPHONEOS_DEPLOYMENT_TARGET = 7.1;
				PRODUCT_NAME = "$(TARGET_NAME)";
				WRAPPER_EXTENSION = app;
			};
			name = Release;
		};
		224545B1198A6D78009A52FE /* Debug */ = {
			isa = XCBuildConfiguration;
			buildSettings = {
				BUNDLE_LOADER = "$(BUILT_PRODUCTS_DIR)/fixify.app/fixify";
				FRAMEWORK_SEARCH_PATHS = (
					"$(SDKROOT)/Developer/Library/Frameworks",
					"$(inherited)",
					"$(DEVELOPER_FRAMEWORKS_DIR)",
				);
				GCC_PRECOMPILE_PREFIX_HEADER = YES;
				GCC_PREFIX_HEADER = "fixify/fixify-Prefix.pch";
				GCC_PREPROCESSOR_DEFINITIONS = (
					"DEBUG=1",
					"$(inherited)",
				);
				INFOPLIST_FILE = "fixifyTests/fixifyTests-Info.plist";
				PRODUCT_NAME = "$(TARGET_NAME)";
				TEST_HOST = "$(BUNDLE_LOADER)";
				WRAPPER_EXTENSION = xctest;
			};
			name = Debug;
		};
		224545B2198A6D78009A52FE /* Release */ = {
			isa = XCBuildConfiguration;
			buildSettings = {
				BUNDLE_LOADER = "$(BUILT_PRODUCTS_DIR)/fixify.app/fixify";
				FRAMEWORK_SEARCH_PATHS = (
					"$(SDKROOT)/Developer/Library/Frameworks",
					"$(inherited)",
					"$(DEVELOPER_FRAMEWORKS_DIR)",
				);
				GCC_PRECOMPILE_PREFIX_HEADER = YES;
				GCC_PREFIX_HEADER = "fixify/fixify-Prefix.pch";
				INFOPLIST_FILE = "fixifyTests/fixifyTests-Info.plist";
				PRODUCT_NAME = "$(TARGET_NAME)";
				TEST_HOST = "$(BUNDLE_LOADER)";
				WRAPPER_EXTENSION = xctest;
			};
			name = Release;
		};
/* End XCBuildConfiguration section */

/* Begin XCConfigurationList section */
		22454576198A6D77009A52FE /* Build configuration list for PBXProject "fixify" */ = {
			isa = XCConfigurationList;
			buildConfigurations = (
				224545AB198A6D78009A52FE /* Debug */,
				224545AC198A6D78009A52FE /* Release */,
			);
			defaultConfigurationIsVisible = 0;
			defaultConfigurationName = Release;
		};
		224545AD198A6D78009A52FE /* Build configuration list for PBXNativeTarget "fixify" */ = {
			isa = XCConfigurationList;
			buildConfigurations = (
				224545AE198A6D78009A52FE /* Debug */,
				224545AF198A6D78009A52FE /* Release */,
			);
			defaultConfigurationIsVisible = 0;
			defaultConfigurationName = Release;
		};
		224545B0198A6D78009A52FE /* Build configuration list for PBXNativeTarget "fixifyTests" */ = {
			isa = XCConfigurationList;
			buildConfigurations = (
				224545B1198A6D78009A52FE /* Debug */,
				224545B2198A6D78009A52FE /* Release */,
			);
			defaultConfigurationIsVisible = 0;
			defaultConfigurationName = Release;
		};
/* End XCConfigurationList section */
	};
	rootObject = 22454573198A6D77009A52FE /* Project object */;
}
